
Microsoft Visual Studio Solution File, Format Version 12.00
# Visual Studio 2015
Project("{FAE04EC0-301F-11D3-BF4B-00C04F79EFBC}") = "Example 5.5.0f3.CSharp", "Example 5.5.0f3.CSharp.csproj", "{6C454999-EDA8-FB50-2948-AD15F58C6D92}"
EndProject
Global
	GlobalSection(SolutionConfigurationPlatforms) = preSolution
		Debug|Any CPU = Debug|Any CPU
		Release|Any CPU = Release|Any CPU
	EndGlobalSection
	GlobalSection(ProjectConfigurationPlatforms) = postSolution
		{6C454999-EDA8-FB50-2948-AD15F58C6D92}.Debug|Any CPU.ActiveCfg = Debug|Any CPU
		{6C454999-EDA8-FB50-2948-AD15F58C6D92}.Debug|Any CPU.Build.0 = Debug|Any CPU
		{6C454999-EDA8-FB50-2948-AD15F58C6D92}.Release|Any CPU.ActiveCfg = Release|Any CPU
		{6C454999-EDA8-FB50-2948-AD15F58C6D92}.Release|Any CPU.Build.0 = Release|Any CPU
	EndGlobalSection
	GlobalSection(SolutionProperties) = preSolution
		HideSolutionNode = FALSE
	EndGlobalSection
EndGlobal
